
Microsoft Visual Studio Solution File, Format Version 12.00
# Visual Studio Version 16
VisualStudioVersion = 16.0.30907.101
MinimumVisualStudioVersion = 10.0.40219.1
Project("{FAE04EC0-301F-11D3-BF4B-00C04F79EFBC}") = "Vidly", "Vidly\Vidly.csproj", "{97A6372E-F88A-44B0-9D02-BD1F50BCFFBE}"
EndProject
Global
	GlobalSection(SolutionConfigurationPlatforms) = preSolution
		Debug|Any CPU = Debug|Any CPU
		Release|Any CPU = Release|Any CPU
	EndGlobalSection
	GlobalSection(ProjectConfigurationPlatforms) = postSolution
		{97A6372E-F88A-44B0-9D02-BD1F50BCFFBE}.Debug|Any CPU.ActiveCfg = Debug|Any CPU
		{97A6372E-F88A-44B0-9D02-BD1F50BCFFBE}.Debug|Any CPU.Build.0 = Debug|Any CPU
		{97A6372E-F88A-44B0-9D02-BD1F50BCFFBE}.Release|Any CPU.ActiveCfg = Release|Any CPU
		{97A6372E-F88A-44B0-9D02-BD1F50BCFFBE}.Release|Any CPU.Build.0 = Release|Any CPU
	EndGlobalSection
	GlobalSection(SolutionProperties) = preSolution
		HideSolutionNode = FALSE
	EndGlobalSection
	GlobalSection(ExtensibilityGlobals) = postSolution
		SolutionGuid = {519A6B63-FD70-4B5A-B164-A04C02E529B2}
	EndGlobalSection
EndGlobal
